version = 1
revision = 3
requires-python = ">=3.14"
resolution-markers = [
    "python_full_version >= '3.15'",
    "python_full_version < '3.15'",
]

[[package]]
name = "asgiref"
version = "3.11.1"
source = { registry = "https://pypi.org/simple" }
sdist = { url = "https://files.pythonhosted.org/packages/63/40/f03da1264ae8f7cfdbf9146542e5e7e8100a4c66ab48e791df9a03d3f6c0/asgiref-3.11.1.tar.gz", hash = "sha256:5f184dc43b7e763efe848065441eac62229c9f7b0475f41f80e207a114eda4ce", size = 38550, upload-time = "2026-02-03T13:30:14.33Z" }
wheels = [
    { url = "https://files.pythonhosted.org/packages/5c/0a/a72d10ed65068e115044937873362e6e32fab1b7dce0046aeb224682c989/asgiref-3.11.1-py3-none-any.whl", hash = "sha256:e8667a091e69529631969fd45dc268fa79b99c92c5fcdda727757e52146ec133", size = 24345, upload-time = "2026-02-03T13:30:13.039Z" },
]

[[package]]
name = "backend"
version = "0.1.0"
source = { virtual = "." }
dependencies = [
    { name = "django" },
    { name = "django-cors-headers" },
    { name = "django-environ" },
    { name = "django-filter" },
    { name = "djangorestframework" },
    { name = "psycopg", extra = ["binary"] },
    { name = "ruff" },
]

[package.metadata]
requires-dist = [
    { name = "django", specifier = "==5.2.14" },
    { name = "django-cors-headers", specifier = ">=4.9.0" },
    { name = "django-environ", specifier = ">=0.13.0" },
    { name = "django-filter", specifier = ">=25.2" },
    { name = "djangorestframework", specifier = ">=3.17.1" },
    { name = "psycopg", extras = ["binary"], specifier = ">=3.3.4" },
    { name = "ruff", specifier = ">=0.15.13" },
]

[[package]]
name = "django"
version = "5.2.14"
source = { registry = "https://pypi.org/simple" }
dependencies = [
    { name = "asgiref" },
    { name = "sqlparse" },
    { name = "tzdata", marker = "sys_platform == 'win32'" },
]
sdist = { url = "https://files.pythonhosted.org/packages/65/95/95f7faa0950867afaa0bef2460c6263afd6a2c78cc9434046ed28160b015/django-5.2.14.tar.gz", hash = "sha256:58a63ba841662e5c686b57ba1fec52ddd68c0b93bd96ac3029d55728f00bf8a2", size = 10895118, upload-time = "2026-05-05T13:57:31.104Z" }
wheels = [
    { url = "https://files.pythonhosted.org/packages/14/44/f172870cf87aa25afef48fb72adba89ee8b77fcab6f3b23d240b923f1528/django-5.2.14-py3-none-any.whl", hash = "sha256:6f712143bd3064310d1f50fac859c3e9a274bdcfc9595339853be7779297fc76", size = 8311320, upload-time = "2026-05-05T13:57:25.795Z" },
]

[[package]]
name = "django-cors-headers"
version = "4.9.0"
source = { registry = "https://pypi.org/simple" }
dependencies = [
    { name = "asgiref" },
    { name = "django" },
]
sdist = { url = "https://files.pythonhosted.org/packages/21/39/55822b15b7ec87410f34cd16ce04065ff390e50f9e29f31d6d116fc80456/django_cors_headers-4.9.0.tar.gz", hash = "sha256:fe5d7cb59fdc2c8c646ce84b727ac2bca8912a247e6e68e1fb507372178e59e8", size = 21458, upload-time = "2025-09-18T10:40:52.326Z" }
wheels = [
    { url = "https://files.pythonhosted.org/packages/30/d8/19ed1e47badf477d17fb177c1c19b5a21da0fd2d9f093f23be3fb86c5fab/django_cors_headers-4.9.0-py3-none-any.whl", hash = "sha256:15c7f20727f90044dcee2216a9fd7303741a864865f0c3657e28b7056f61b449", size = 12809, upload-time = "2025-09-18T10:40:50.843Z" },
]

[[package]]
name = "django-environ"
version = "0.13.0"
source = { registry = "https://pypi.org/simple" }
sdist = { url = "https://files.pythonhosted.org/packages/18/3c/60983e6ec9b24a8d8588eecebfd21123cba980bce0a905807a27692f0860/django_environ-0.13.0.tar.gz", hash = "sha256:6c401e4c219442c2c4588c2116d5292b5484a6f69163ed09cd41f3943bfb645f", size = 63529, upload-time = "2026-02-18T01:08:08.791Z" }
wheels = [
    { url = "https://files.pythonhosted.org/packages/c4/00/3767393ece946084e1c6830a33ffb8e39d68642e27ad5ac7d4c8bd5de866/django_environ-0.13.0-py3-none-any.whl", hash = "sha256:37799d14cd78222c6fd8298e48bfe17965ff8e586091ad66a463e52e0e7b799e", size = 20682, upload-time = "2026-02-18T01:08:07.359Z" },
]

[[package]]
name = "django-filter"
version = "25.2"
source = { registry = "https://pypi.org/simple" }
dependencies = [
    { name = "django" },
]
sdist = { url = "https://files.pythonhosted.org/packages/2c/e4/465d2699cd388c0005fb8d6ae6709f239917c6d8790ac35719676fffdcf3/django_filter-25.2.tar.gz", hash = "sha256:760e984a931f4468d096f5541787efb8998c61217b73006163bf2f9523fe8f23", size = 143818, upload-time = "2025-10-05T09:51:31.521Z" }
wheels = [
    { url = "https://files.pythonhosted.org/packages/c1/40/6a02495c5658beb1f31eb09952d8aa12ef3c2a66342331ce3a35f7132439/django_filter-25.2-py3-none-any.whl", hash = "sha256:9c0f8609057309bba611062fe1b720b4a873652541192d232dd28970383633e3", size = 94145, upload-time = "2025-10-05T09:51:29.728Z" },
]

[[package]]
name = "djangorestframework"
version = "3.17.1"
source = { registry = "https://pypi.org/simple" }
dependencies = [
    { name = "django" },
]
sdist = { url = "https://files.pythonhosted.org/packages/ca/d7/c016e69fac19ff8afdc89db9d31d9ae43ae031e4d1993b20aca179b8301a/djangorestframework-3.17.1.tar.gz", hash = "sha256:a6def5f447fe78ff853bff1d47a3c59bf38f5434b031780b351b0c73a62db1a5", size = 905742, upload-time = "2026-03-24T16:58:33.705Z" }
wheels = [
    { url = "https://files.pythonhosted.org/packages/5a/e1/2c516bdc83652b1a60c6119366ac2c0607b479ed05cd6093f916ca8928f8/djangorestframework-3.17.1-py3-none-any.whl", hash = "sha256:c3c74dd3e83a5a3efc37b3c18d92bd6f86a6791c7b7d4dff62bb068500e76457", size = 898844, upload-time = "2026-03-24T16:58:31.845Z" },
]

[[package]]
name = "psycopg"
version = "3.3.4"
source = { registry = "https://pypi.org/simple" }
dependencies = [
    { name = "tzdata", marker = "sys_platform == 'win32'" },
]
sdist = { url = "https://files.pythonhosted.org/packages/db/2f/cb91e5502ec9de1de6f1b76cfbf69531932725361168bb06963620c77e2e/psycopg-3.3.4.tar.gz", hash = "sha256:e21207764952cff81b6b8bdacad9a3939f2793367fdac2987b3aac36a651b5bc", size = 165799, upload-time = "2026-05-01T23:31:55.179Z" }
wheels = [
    { url = "https://files.pythonhosted.org/packages/5c/e0/7b3dee031daae7743609ce3c746565d4a3ed7c2c186479eb48e34e838c64/psycopg-3.3.4-py3-none-any.whl", hash = "sha256:b6bbc25ccf05c8fad3b061d9db2ef0909a555171b84b07f29458a447253d679a", size = 213001, upload-time = "2026-05-01T23:20:50.816Z" },
]

[package.optional-dependencies]
binary = [
    { name = "psycopg-binary", marker = "implementation_name != 'pypy'" },
]

[[package]]
name = "psycopg-binary"
version = "3.3.4"
source = { registry = "https://pypi.org/simple" }
wheels = [
    { url = "https://files.pythonhosted.org/packages/48/a6/828c9185701dab71b234c2a76c38a08b098ebfec5020716b4e93807492b5/psycopg_binary-3.3.4-cp314-cp314-macosx_10_15_x86_64.whl", hash = "sha256:28b7398fdd19db3232c884fb24550bdfe951221f510e195e233299e4c9b78f97", size = 4607292, upload-time = "2026-05-01T23:30:38.962Z" },
    { url = "https://files.pythonhosted.org/packages/92/58/5b40dbc9d839045c9dae956960e4fb6d20bcabe6c59a2aa34fc3a371913f/psycopg_binary-3.3.4-cp314-cp314-macosx_11_0_arm64.whl", hash = "sha256:1fbaa292a3c8bb61b45df1ad3da1908ccee7cb889db9425e3557d9e34e2a4829", size = 4687023, upload-time = "2026-05-01T23:30:47.227Z" },
    { url = "https://files.pythonhosted.org/packages/85/a9/793f0ac107a9003b48441d0d1f9f616d96e0f37458dd8dc12528ceff55fb/psycopg_binary-3.3.4-cp314-cp314-manylinux2014_ppc64le.manylinux_2_17_ppc64le.whl", hash = "sha256:94596f9e7633ee3f6440711d43bb70aa31cc0a46a900ab8b4201a366ace5c9e7", size = 5486985, upload-time = "2026-05-01T23:30:55.517Z" },
    { url = "https://files.pythonhosted.org/packages/8f/26/42e8533497e2592334f68ec529cf5f840f7fa4e99575a4bb61aa184dbfbf/psycopg_binary-3.3.4-cp314-cp314-manylinux2014_x86_64.manylinux_2_17_x86_64.whl", hash = "sha256:8c0056529e68dbe9184cd4019a1f3d8f3a4ead2f6fc7a5afcf27d3314edd1277", size = 5168745, upload-time = "2026-05-01T23:31:01.904Z" },
    { url = "https://files.pythonhosted.org/packages/15/af/b7151776cc08d5935d45c833ec818a9beb417cf7c08239af1aafbdae78ee/psycopg_binary-3.3.4-cp314-cp314-manylinux_2_27_aarch64.manylinux_2_28_aarch64.whl", hash = "sha256:2c09aad7051326e7603c14e50636db9c01f78272dc54b3accff03d46370461e6", size = 6761486, upload-time = "2026-05-01T23:31:14.511Z" },
    { url = "https://files.pythonhosted.org/packages/d0/ed/c92533b9124712d592cbf1cd6c76da933a2e0acea81dfe1fbe7e735f0cff/psycopg_binary-3.3.4-cp314-cp314-manylinux_2_38_riscv64.manylinux_2_39_riscv64.whl", hash = "sha256:514404ed543efd620c85602b747df2a23cf1241b4067199e1a66f2d2757aaa41", size = 4997427, upload-time = "2026-05-01T23:31:20.901Z" },
    { url = "https://files.pythonhosted.org/packages/a2/23/ccadfd0de416aa188356daa199453af24087b042e296088706d190ae0295/psycopg_binary-3.3.4-cp314-cp314-musllinux_1_2_aarch64.whl", hash = "sha256:46893c26858be12cc49ca4226ed6a60b4bfccadd946b3bebb783a60b38788228", size = 4533549, upload-time = "2026-05-01T23:31:26.204Z" },
    { url = "https://files.pythonhosted.org/packages/fd/a0/c8f43cee36386f7bc891ab41a9d31ea07cf9826038e732da79f26b1e5f34/psycopg_binary-3.3.4-cp314-cp314-musllinux_1_2_ppc64le.whl", hash = "sha256:df1d567fc430f6df15c9fcf67d87685fc49bdb325adc0db5af1adfb2f44eb5c9", size = 4210256, upload-time = "2026-05-01T23:31:33.884Z" },
    { url = "https://files.pythonhosted.org/packages/4e/2c/c1547871be3790676e8868b38655496422f94f0978dfb66b74bdba2f1676/psycopg_binary-3.3.4-cp314-cp314-musllinux_1_2_riscv64.whl", hash = "sha256:6b9016b1714da4dd5ecaaa75b82098aa5a0b87854ce9b092e21c27c4ae23e014", size = 3946204, upload-time = "2026-05-01T23:31:39.626Z" },
    { url = "https://files.pythonhosted.org/packages/c4/b1/f6670f00fa7ea601584623f6c11602ab92117d83eaff885e0210f6de7418/psycopg_binary-3.3.4-cp314-cp314-musllinux_1_2_x86_64.whl", hash = "sha256:47c656a8a7ba6eb0cff1801a4caaa9c8bdc12d03080e273aff1c8ac39971a77e", size = 4255811, upload-time = "2026-05-01T23:31:44.986Z" },
    { url = "https://files.pythonhosted.org/packages/eb/e6/5fff07a70d1f945ed90ae131c3bd76cab32beff7c58c6db15ad5820b6d1f/psycopg_binary-3.3.4-cp314-cp314-win_amd64.whl", hash = "sha256:c37e024c07308cd06cf3ec51bfd0e7f6157585a4d84d1bce4a7f5f7913719bf8", size = 3666849, upload-time = "2026-05-01T23:31:51.165Z" },
]

[[package]]
name = "ruff"
version = "0.15.13"
source = { registry = "https://pypi.org/simple" }
sdist = { url = "https://files.pythonhosted.org/packages/24/21/a7d5c126d5b557715ef81098f3db2fe20f622a039ff2e626af28d674ab80/ruff-0.15.13.tar.gz", hash = "sha256:f9d89f17f7ba7fb2ed42921f0df75da797a9a5d71bc39049e2c687cf2baf44b7", size = 4678180, upload-time = "2026-05-14T13:44:37.869Z" }
wheels = [
    { url = "https://files.pythonhosted.org/packages/c6/61/11d458dc6ac22504fd8e237b29dfd40504c7fbbcc8930402cfe51a8e63ed/ruff-0.15.13-py3-none-linux_armv6l.whl", hash = "sha256:444b580fc72fd6887e650acd3e575e18cdc79dbcf42fb4030b491057921f61f8", size = 10738279, upload-time = "2026-05-14T13:44:18.7Z" },
    { url = "https://files.pythonhosted.org/packages/86/ca/caa871ee7be718c45256fada4e16a218ee3e33f0c4a46b729a60a24912e6/ruff-0.15.13-py3-none-macosx_10_12_x86_64.whl", hash = "sha256:6590d009e7cb7ebf36f83dbdd44a3fa48a0994ff6f1cdc1b08006abe58f98dc7", size = 11124798, upload-time = "2026-05-14T13:44:06.427Z" },
    { url = "https://files.pythonhosted.org/packages/d3/19/43f5f2e568dddde567fc41f8471f9432c09563e19d3e617a48cfa52f8f0a/ruff-0.15.13-py3-none-macosx_11_0_arm64.whl", hash = "sha256:1c26d2f66163deeb6e08d8b39fbbe983ce3c71cea06a6d7591cfd1421793c629", size = 10460761, upload-time = "2026-05-14T13:44:04.375Z" },
    { url = "https://files.pythonhosted.org/packages/99/df/cf938cd6de3003178f03ad7c1ea2a6c099468c03a35037985070b37e76be/ruff-0.15.13-py3-none-manylinux_2_17_aarch64.manylinux2014_aarch64.whl", hash = "sha256:9dbd6f94b434f896308e4d57fb7bfde0d02b99f7a64b3bdab0fdfa6a864203a5", size = 10804451, upload-time = "2026-05-14T13:44:25.221Z" },
    { url = "https://files.pythonhosted.org/packages/c7/7d/5d0973129b154ded2225729169d7068f26b467760b146493fde138415f23/ruff-0.15.13-py3-none-manylinux_2_17_armv7l.manylinux2014_armv7l.whl", hash = "sha256:bf3259f3be4d181bda591da5db2571aed6853c6a048157756448020bc6c5cd22", size = 10534285, upload-time = "2026-05-14T13:44:08.888Z" },
    { url = "https://files.pythonhosted.org/packages/1f/e3/6b999bbc66cd51e5f073842bc2a3995e99c5e0e72e16b15e7261f7abf57a/ruff-0.15.13-py3-none-manylinux_2_17_i686.manylinux2014_i686.whl", hash = "sha256:ae9c17e5eb4430c154e76abc25d79a318190f5a997f38fb6b114416c5319ffc9", size = 11312063, upload-time = "2026-05-14T13:44:11.274Z" },
    { url = "https://files.pythonhosted.org/packages/af/5a/642639e9f5db04f1e97fbd6e091c6fd20725bdf072fb114d00eefb9e6eb8/ruff-0.15.13-py3-none-manylinux_2_17_ppc64le.manylinux2014_ppc64le.whl", hash = "sha256:2e2e39bff6c341f4b577a21b801326fab0b11847f48fcaa83f00a113c9b3cb55", size = 12183079, upload-time = "2026-05-14T13:44:01.634Z" },
    { url = "https://files.pythonhosted.org/packages/19/4c/7585735f6b53b0f12de13618b2f7d250a844f018822efc899df2e7b8295f/ruff-0.15.13-py3-none-manylinux_2_17_s390x.manylinux2014_s390x.whl", hash = "sha256:e8d9a8e08013542e94d3220bc5b62cc3e5ef87c5f74bff367d3fac14fab013e6", size = 11440833, upload-time = "2026-05-14T13:43:59.043Z" },
    { url = "https://files.pythonhosted.org/packages/e8/31/bf1a0803d077e679cfeee5f2f67290a0fa79c7385b5d9a8c17b9db2c48f0/ruff-0.15.13-py3-none-manylinux_2_17_x86_64.manylinux2014_x86_64.whl", hash = "sha256:cc411dfebe5eebe55ce041c6ae080eb7668955e866daa2fbb16692a784f1c4ca", size = 11434486, upload-time = "2026-05-14T13:44:27.761Z" },
    { url = "https://files.pythonhosted.org/packages/e1/4e/62c9b999875d4f14db80f277c030578f5e249c9852d65b7ac7ad0b43c041/ruff-0.15.13-py3-none-manylinux_2_31_riscv64.whl", hash = "sha256:768494eb08b9cee54e2fd27969966f74db5a57f6eaa7a90fcb3306af34dfc4bd", size = 11385189, upload-time = "2026-05-14T13:44:13.704Z" },
    { url = "https://files.pythonhosted.org/packages/fc/89/7e959047a104df3eb12863447c110140191fc5b6c4f379ea2e803fcdb0e4/ruff-0.15.13-py3-none-musllinux_1_2_aarch64.whl", hash = "sha256:fb75f9a3a7e42ffe117d734494e6c5e5cb3565d66e12612cb63d0e572a41a5b6", size = 10781380, upload-time = "2026-05-14T13:43:56.734Z" },
    { url = "https://files.pythonhosted.org/packages/ff/52/5fd18f3b88cab63e88aa11516b3b4e1e5f720e5c330f8dbe5c26210f41f8/ruff-0.15.13-py3-none-musllinux_1_2_armv7l.whl", hash = "sha256:8cb74dd33bb2f6613faf7fc03b660053b5ac4f80e706d5788c6335e2a8048d51", size = 10540605, upload-time = "2026-05-14T13:44:20.748Z" },
    { url = "https://files.pythonhosted.org/packages/e8/e0/9e35f338990d3e41a82875ff7053ffe97541dae81c9d02143177f381d572/ruff-0.15.13-py3-none-musllinux_1_2_i686.whl", hash = "sha256:7ef823f817fcd191dc934e984be9cf4094f808effa16f2542ad8e821ba02bbf2", size = 11036554, upload-time = "2026-05-14T13:44:16.256Z" },
    { url = "https://files.pythonhosted.org/packages/c2/13/070fb048c24080fba188f66371e2a92785be257ad02242066dc7255ac6e9/ruff-0.15.13-py3-none-musllinux_1_2_x86_64.whl", hash = "sha256:f345a13937bd7f09f6f5d19fa0721b0c103e00e7f62bc67089a8e5e037719e0b", size = 11528133, upload-time = "2026-05-14T13:44:22.808Z" },
    { url = "https://files.pythonhosted.org/packages/6b/8c/b1e1666aef7fc6555094d73ae6cd981701781ae85b97ceefc0eebd0b4668/ruff-0.15.13-py3-none-win32.whl", hash = "sha256:4044f94208b3b05ba0fc4a4abd0558cf4d6459bd18325eead7fd8cc66f909b41", size = 10721455, upload-time = "2026-05-14T13:44:35.697Z" },
    { url = "https://files.pythonhosted.org/packages/ab/a6/870a3e8a50590bb92be184ad928c2922f088b00d9dc5c5ec7b924ee08c22/ruff-0.15.13-py3-none-win_amd64.whl", hash = "sha256:7064884d442b7d477b4e7473d12da7f08851d2b1982763c5d3f388a19468a1a4", size = 11900409, upload-time = "2026-05-14T13:44:30.389Z" },
    { url = "https://files.pythonhosted.org/packages/9b/36/9c015cd052fca743dae8cb2aeb16b551444787467db42ceab0fc968865af/ruff-0.15.13-py3-none-win_arm64.whl", hash = "sha256:2471da9bd1068c8c064b5fd9c0c4b6dddffd6369cb1cd68b29993b1709ff1b21", size = 11179336, upload-time = "2026-05-14T13:44:33.026Z" },
]

[[package]]
name = "sqlparse"
version = "0.5.5"
source = { registry = "https://pypi.org/simple" }
sdist = { url = "https://files.pythonhosted.org/packages/90/76/437d71068094df0726366574cf3432a4ed754217b436eb7429415cf2d480/sqlparse-0.5.5.tar.gz", hash = "sha256:e20d4a9b0b8585fdf63b10d30066c7c94c5d7a7ec47c889a2d83a3caa93ff28e", size = 120815, upload-time = "2025-12-19T07:17:45.073Z" }
wheels = [
    { url = "https://files.pythonhosted.org/packages/49/4b/359f28a903c13438ef59ebeee215fb25da53066db67b305c125f1c6d2a25/sqlparse-0.5.5-py3-none-any.whl", hash = "sha256:12a08b3bf3eec877c519589833aed092e2444e68240a3577e8e26148acc7b1ba", size = 46138, upload-time = "2025-12-19T07:17:46.573Z" },
]

[[package]]
name = "tzdata"
version = "2026.2"
source = { registry = "https://pypi.org/simple" }
sdist = { url = "https://files.pythonhosted.org/packages/ba/19/1b9b0e29f30c6d35cb345486df41110984ea67ae69dddbc0e8a100999493/tzdata-2026.2.tar.gz", hash = "sha256:9173fde7d80d9018e02a662e168e5a2d04f87c41ea174b139fbef642eda62d10", size = 198254, upload-time = "2026-04-24T15:22:08.651Z" }
wheels = [
    { url = "https://files.pythonhosted.org/packages/ce/e4/dccd7f47c4b64213ac01ef921a1337ee6e30e8c6466046018326977efd95/tzdata-2026.2-py2.py3-none-any.whl", hash = "sha256:bbe9af844f658da81a5f95019480da3a89415801f6cc966806612cc7169bffe7", size = 349321, upload-time = "2026-04-24T15:22:05.876Z" },
]
